
Microsoft Visual Studio Solution File, Format Version 12.00
# Visual Studio 14
VisualStudioVersion = 14.0.25420.1
MinimumVisualStudioVersion = 10.0.40219.1
Project("{2150E333-8FDC-42A3-9474-1A3956D46DE8}") = "1 - Presentation", "1 - Presentation", "{2A7ECDEF-DC41-4505-9912-6626B2670398}"
EndProject
Project("{2150E333-8FDC-42A3-9474-1A3956D46DE8}") = "2 - Services", "2 - Services", "{71159F9E-36DF-42C7-AB55-F8F60678ED9B}"
EndProject
Project("{2150E333-8FDC-42A3-9474-1A3956D46DE8}") = "3 - Application", "3 - Application", "{026800C1-3B08-45D0-8EB0-ACA9B1F1B75D}"
EndProject
Project("{2150E333-8FDC-42A3-9474-1A3956D46DE8}") = "4 - Domain", "4 - Domain", "{52C34802-7B18-4E96-B2C1-2F484AC81CEA}"
EndProject
Project("{2150E333-8FDC-42A3-9474-1A3956D46DE8}") = "5 - Infra", "5 - Infra", "{B4077480-0C3A-4EC3-BFD4-BA882B8D0466}"
EndProject
Project("{2150E333-8FDC-42A3-9474-1A3956D46DE8}") = "5.1 - Data", "5.1 - Data", "{D75BB739-C107-4F15-B50F-D78FEAC95CF3}"
EndProject
Project("{2150E333-8FDC-42A3-9474-1A3956D46DE8}") = "5.2 - CrossCutting", "5.2 - CrossCutting", "{9C3C5562-8979-48EB-888C-91A0BBF9D897}"
EndProject
Project("{FAE04EC0-301F-11D3-BF4B-00C04F79EFBC}") = "FSP.HBSIS.UI.Site", "src\FSP.HBSIS.UI.Site\FSP.HBSIS.UI.Site.csproj", "{24D62BAC-A118-46AE-B951-916CAD6F566C}"
EndProject
Project("{FAE04EC0-301F-11D3-BF4B-00C04F79EFBC}") = "FSP.HBSIS.Domain", "src\FSP.HBSIS.Domain\FSP.HBSIS.Domain.csproj", "{F5E2CF3C-B600-427B-8200-451A3A9E38AF}"
EndProject
Project("{FAE04EC0-301F-11D3-BF4B-00C04F79EFBC}") = "FSP.HBSIS.Infra.Data", "src\FSP.HBSIS.Infra.Data\FSP.HBSIS.Infra.Data.csproj", "{6B421F6C-B3ED-49A7-BF38-7679ECE4A96D}"
EndProject
Project("{FAE04EC0-301F-11D3-BF4B-00C04F79EFBC}") = "FSP.HBSIS.Application", "src\FSP.HBSIS.Application\FSP.HBSIS.Application.csproj", "{64D6BFC2-C88E-4444-B7DC-2636DDE2E5F8}"
EndProject
Project("{FAE04EC0-301F-11D3-BF4B-00C04F79EFBC}") = "FSP.HBSIS.Infra.CrossCutting.MvcFilters", "src\FSP.HBSIS.Infra.CrossCutting.MvcFilters\FSP.HBSIS.Infra.CrossCutting.MvcFilters.csproj", "{3C612524-8FB4-49D5-A148-2858A32504AA}"
EndProject
Project("{FAE04EC0-301F-11D3-BF4B-00C04F79EFBC}") = "FSP.HBSIS.Infra.CrossCutting.IoC", "src\FSP.HBSIS.Infra.CrossCutting.IoC\FSP.HBSIS.Infra.CrossCutting.IoC.csproj", "{4AA69A1F-D02C-4BD5-89FF-C19CC3969742}"
EndProject
Project("{FAE04EC0-301F-11D3-BF4B-00C04F79EFBC}") = "FSP.HBSIS.Domain.Tests", "tests\FSP.HBSIS.Domain.Tests\FSP.HBSIS.Domain.Tests.csproj", "{98202F28-134A-44FB-9915-761460B82A9E}"
EndProject
Project("{FAE04EC0-301F-11D3-BF4B-00C04F79EFBC}") = "FSP.HBSIS.Services.REST.ClienteAPI", "src\FSP.HBSIS.Services.REST.ClienteAPI\FSP.HBSIS.Services.REST.ClienteAPI.csproj", "{E55EF00A-F8BD-49D1-B75C-CFECD14E7435}"
EndProject
Global
	GlobalSection(SolutionConfigurationPlatforms) = preSolution
		Debug|Any CPU = Debug|Any CPU
		Release|Any CPU = Release|Any CPU
	EndGlobalSection
	GlobalSection(ProjectConfigurationPlatforms) = postSolution
		{24D62BAC-A118-46AE-B951-916CAD6F566C}.Debug|Any CPU.ActiveCfg = Debug|Any CPU
		{24D62BAC-A118-46AE-B951-916CAD6F566C}.Debug|Any CPU.Build.0 = Debug|Any CPU
		{24D62BAC-A118-46AE-B951-916CAD6F566C}.Release|Any CPU.ActiveCfg = Release|Any CPU
		{24D62BAC-A118-46AE-B951-916CAD6F566C}.Release|Any CPU.Build.0 = Release|Any CPU
		{F5E2CF3C-B600-427B-8200-451A3A9E38AF}.Debug|Any CPU.ActiveCfg = Debug|Any CPU
		{F5E2CF3C-B600-427B-8200-451A3A9E38AF}.Debug|Any CPU.Build.0 = Debug|Any CPU
		{F5E2CF3C-B600-427B-8200-451A3A9E38AF}.Release|Any CPU.ActiveCfg = Release|Any CPU
		{F5E2CF3C-B600-427B-8200-451A3A9E38AF}.Release|Any CPU.Build.0 = Release|Any CPU
		{6B421F6C-B3ED-49A7-BF38-7679ECE4A96D}.Debug|Any CPU.ActiveCfg = Debug|Any CPU
		{6B421F6C-B3ED-49A7-BF38-7679ECE4A96D}.Debug|Any CPU.Build.0 = Debug|Any CPU
		{6B421F6C-B3ED-49A7-BF38-7679ECE4A96D}.Release|Any CPU.ActiveCfg = Release|Any CPU
		{6B421F6C-B3ED-49A7-BF38-7679ECE4A96D}.Release|Any CPU.Build.0 = Release|Any CPU
		{64D6BFC2-C88E-4444-B7DC-2636DDE2E5F8}.Debug|Any CPU.ActiveCfg = Debug|Any CPU
		{64D6BFC2-C88E-4444-B7DC-2636DDE2E5F8}.Debug|Any CPU.Build.0 = Debug|Any CPU
		{64D6BFC2-C88E-4444-B7DC-2636DDE2E5F8}.Release|Any CPU.ActiveCfg = Release|Any CPU
		{64D6BFC2-C88E-4444-B7DC-2636DDE2E5F8}.Release|Any CPU.Build.0 = Release|Any CPU
		{3C612524-8FB4-49D5-A148-2858A32504AA}.Debug|Any CPU.ActiveCfg = Debug|Any CPU
		{3C612524-8FB4-49D5-A148-2858A32504AA}.Debug|Any CPU.Build.0 = Debug|Any CPU
		{3C612524-8FB4-49D5-A148-2858A32504AA}.Release|Any CPU.ActiveCfg = Release|Any CPU
		{3C612524-8FB4-49D5-A148-2858A32504AA}.Release|Any CPU.Build.0 = Release|Any CPU
		{4AA69A1F-D02C-4BD5-89FF-C19CC3969742}.Debug|Any CPU.ActiveCfg = Debug|Any CPU
		{4AA69A1F-D02C-4BD5-89FF-C19CC3969742}.Debug|Any CPU.Build.0 = Debug|Any CPU
		{4AA69A1F-D02C-4BD5-89FF-C19CC3969742}.Release|Any CPU.ActiveCfg = Release|Any CPU
		{4AA69A1F-D02C-4BD5-89FF-C19CC3969742}.Release|Any CPU.Build.0 = Release|Any CPU
		{98202F28-134A-44FB-9915-761460B82A9E}.Debug|Any CPU.ActiveCfg = Debug|Any CPU
		{98202F28-134A-44FB-9915-761460B82A9E}.Debug|Any CPU.Build.0 = Debug|Any CPU
		{98202F28-134A-44FB-9915-761460B82A9E}.Release|Any CPU.ActiveCfg = Release|Any CPU
		{98202F28-134A-44FB-9915-761460B82A9E}.Release|Any CPU.Build.0 = Release|Any CPU
		{E55EF00A-F8BD-49D1-B75C-CFECD14E7435}.Debug|Any CPU.ActiveCfg = Debug|Any CPU
		{E55EF00A-F8BD-49D1-B75C-CFECD14E7435}.Debug|Any CPU.Build.0 = Debug|Any CPU
		{E55EF00A-F8BD-49D1-B75C-CFECD14E7435}.Release|Any CPU.ActiveCfg = Release|Any CPU
		{E55EF00A-F8BD-49D1-B75C-CFECD14E7435}.Release|Any CPU.Build.0 = Release|Any CPU
	EndGlobalSection
	GlobalSection(SolutionProperties) = preSolution
		HideSolutionNode = FALSE
	EndGlobalSection
	GlobalSection(NestedProjects) = preSolution
		{D75BB739-C107-4F15-B50F-D78FEAC95CF3} = {B4077480-0C3A-4EC3-BFD4-BA882B8D0466}
		{9C3C5562-8979-48EB-888C-91A0BBF9D897} = {B4077480-0C3A-4EC3-BFD4-BA882B8D0466}
		{24D62BAC-A118-46AE-B951-916CAD6F566C} = {2A7ECDEF-DC41-4505-9912-6626B2670398}
		{F5E2CF3C-B600-427B-8200-451A3A9E38AF} = {52C34802-7B18-4E96-B2C1-2F484AC81CEA}
		{6B421F6C-B3ED-49A7-BF38-7679ECE4A96D} = {D75BB739-C107-4F15-B50F-D78FEAC95CF3}
		{64D6BFC2-C88E-4444-B7DC-2636DDE2E5F8} = {026800C1-3B08-45D0-8EB0-ACA9B1F1B75D}
		{3C612524-8FB4-49D5-A148-2858A32504AA} = {9C3C5562-8979-48EB-888C-91A0BBF9D897}
		{4AA69A1F-D02C-4BD5-89FF-C19CC3969742} = {9C3C5562-8979-48EB-888C-91A0BBF9D897}
		{98202F28-134A-44FB-9915-761460B82A9E} = {52C34802-7B18-4E96-B2C1-2F484AC81CEA}
		{E55EF00A-F8BD-49D1-B75C-CFECD14E7435} = {71159F9E-36DF-42C7-AB55-F8F60678ED9B}
	EndGlobalSection
EndGlobal
